<?xml version="1.0" encoding="utf-8"?>
<Project ToolsVersion="4.0" xmlns="http://schemas.microsoft.com/developer/msbuild/2003">
  <ItemGroup>
    <Filter Include="Source Files">
      <UniqueIdentifier>{4FC737F1-C7A5-4376-A066-2A32D752A2FF}</UniqueIdentifier>
      <Extensions>cpp;c;cc;cxx;c++;cppm;ixx;def;odl;idl;hpj;bat;asm;asmx</Extensions>
    </Filter>
    <Filter Include="Header Files">
      <UniqueIdentifier>{93995380-89BD-4b04-88EB-625FBE52EBFB}</UniqueIdentifier>
      <Extensions>h;hh;hpp;hxx;h++;hm;inl;inc;ipp;xsd</Extensions>
    </Filter>
    <Filter Include="Resource Files">
      <UniqueIdentifier>{67DA6AB6-F800-4c08-8B7A-83BB121AAD01}</UniqueIdentifier>
      <Extensions>rc;ico;cur;bmp;dlg;rc2;rct;bin;rgs;gif;jpg;jpeg;jpe;resx;tiff;tif;png;wav;mfcribbon-ms</Extensions>
    </Filter>
    <Filter Include="Source Files\Recursion">
      <UniqueIdentifier>{53499966-0aa5-4763-857e-eb0490b1f010}</UniqueIdentifier>
    </Filter>
  </ItemGroup>
  <ItemGroup>
    <ClCompile Include="C++ Data Structures and Algorithms.cpp">
      <Filter>Source Files</Filter>
    </ClCompile>
    <ClCompile Include="Recursion\BasicRecursion.cpp">
      <Filter>Source Files\Recursion</Filter>
    </ClCompile>
    <ClCompile Include="Recursion\StaticAndGlobal.cpp">
      <Filter>Source Files\Recursion</Filter>
    </ClCompile>
    <ClCompile Include="Recursion\TreeRecursion.cpp">
      <Filter>Source Files</Filter>
    </ClCompile>
    <ClCompile Include="Recursion\IndirectRecursion.cpp">
      <Filter>Source Files</Filter>
    </ClCompile>
    <ClCompile Include="Recursion\NestedRecursion.cpp">
      <Filter>Source Files</Filter>
    </ClCompile>
    <ClCompile Include="Recursion\SumOfNumRecursion.cpp">
      <Filter>Source Files</Filter>
    </ClCompile>
    <ClCompile Include="Recursion\FactorialRecursion.cpp">
      <Filter>Source Files</Filter>
    </ClCompile>
    <ClCompile Include="Recursion\PowerRecursion.cpp">
      <Filter>Source Files</Filter>
    </ClCompile>
    <ClCompile Include="Recursion\TaylorRecursion.cpp">
      <Filter>Source Files</Filter>
    </ClCompile>
    <ClCompile Include="Recursion\FibonacciRecursion.cpp">
      <Filter>Source Files</Filter>
    </ClCompile>
    <ClCompile Include="Recursion\NCRRecursion.cpp">
      <Filter>Source Files</Filter>
    </ClCompile>
    <ClCompile Include="Recursion\TowerOfHanoi.cpp">
      <Filter>Source Files</Filter>
    </ClCompile>
    <ClCompile Include="ArrayADT\ArrayDynamic.cpp">
      <Filter>Source Files</Filter>
    </ClCompile>
    <ClCompile Include="ArrayADT\Insert.cpp">
      <Filter>Source Files</Filter>
    </ClCompile>
    <ClCompile Include="ArrayADT\Delete.cpp">
      <Filter>Source Files</Filter>
    </ClCompile>
    <ClCompile Include="ArrayADT\LinearSearch.cpp">
      <Filter>Source Files</Filter>
    </ClCompile>
    <ClCompile Include="ArrayADT\BinarySearch.cpp">
      <Filter>Source Files</Filter>
    </ClCompile>
    <ClCompile Include="ArrayADT\functions.cpp">
      <Filter>Source Files</Filter>
    </ClCompile>
    <ClCompile Include="ArrayADT\Reverse.cpp">
      <Filter>Source Files</Filter>
    </ClCompile>
    <ClCompile Include="ArrayADT\Sorted.cpp">
      <Filter>Source Files</Filter>
    </ClCompile>
    <ClCompile Include="ArrayADT\Merge.cpp">
      <Filter>Source Files</Filter>
    </ClCompile>
    <ClCompile Include="ArrayADT\MenuProgram.cpp">
      <Filter>Source Files</Filter>
    </ClCompile>
    <ClCompile Include="ArrayADT\MenuArrayClass.cpp">
      <Filter>Source Files</Filter>
    </ClCompile>
  </ItemGroup>
  <ItemGroup>
    <ClInclude Include="DataStructuresProject.h">
      <Filter>Header Files</Filter>
    </ClInclude>
    <ClInclude Include="Recursion\Recursion.h">
      <Filter>Header Files</Filter>
    </ClInclude>
    <ClInclude Include="ArrayADT\ArrayADT.h">
      <Filter>Header Files</Filter>
    </ClInclude>
  </ItemGroup>
</Project>